// !$*UTF8*$!
{
	archiveVersion = 1;
	classes = {
	};
	objectVersion = 60;
	objects = {

/* Begin PBXBuildFile section */
		8425F5B62C6DE8A00082226D /* AppDelegate.swift in Sources */ = {isa = PBXBuildFile; fileRef = 8425F5B52C6DE8A00082226D /* AppDelegate.swift */; };
		8425F5B82C6DE8A00082226D /* SceneDelegate.swift in Sources */ = {isa = PBXBuildFile; fileRef = 8425F5B72C6DE8A00082226D /* SceneDelegate.swift */; };
		8425F5BA2C6DE8A00082226D /* ViewController.swift in Sources */ = {isa = PBXBuildFile; fileRef = 8425F5B92C6DE8A00082226D /* ViewController.swift */; };
		8425F5BD2C6DE8A00082226D /* Base in Resources */ = {isa = PBXBuildFile; fileRef = 8425F5BC2C6DE8A00082226D /* Base */; };
		8425F5BF2C6DE8A10082226D /* Assets.xcassets in Resources */ = {isa = PBXBuildFile; fileRef = 8425F5BE2C6DE8A10082226D /* Assets.xcassets */; };
		8425F5C22C6DE8A10082226D /* Base in Resources */ = {isa = PBXBuildFile; fileRef = 8425F5C12C6DE8A10082226D /* Base */; };
		8425F5CD2C6DE8A10082226D /* ExampleTests.swift in Sources */ = {isa = PBXBuildFile; fileRef = 8425F5CC2C6DE8A10082226D /* ExampleTests.swift */; };
		8425F5D72C6DE8A10082226D /* ExampleUITests.swift in Sources */ = {isa = PBXBuildFile; fileRef = 8425F5D62C6DE8A10082226D /* ExampleUITests.swift */; };
		8425F5D92C6DE8A10082226D /* ExampleUITestsLaunchTests.swift in Sources */ = {isa = PBXBuildFile; fileRef = 8425F5D82C6DE8A10082226D /* ExampleUITestsLaunchTests.swift */; };
		8425F5E72C6E08BC0082226D /* CxjToasts in Frameworks */ = {isa = PBXBuildFile; productRef = 8425F5E62C6E08BC0082226D /* CxjToasts */; };
/* End PBXBuildFile section */

/* Begin PBXContainerItemProxy section */
		8425F5C92C6DE8A10082226D /* PBXContainerItemProxy */ = {
			isa = PBXContainerItemProxy;
			containerPortal = 8425F5AA2C6DE8A00082226D /* Project object */;
			proxyType = 1;
			remoteGlobalIDString = 8425F5B12C6DE8A00082226D;
			remoteInfo = Example;
		};
		8425F5D32C6DE8A10082226D /* PBXContainerItemProxy */ = {
			isa = PBXContainerItemProxy;
			containerPortal = 8425F5AA2C6DE8A00082226D /* Project object */;
			proxyType = 1;
			remoteGlobalIDString = 8425F5B12C6DE8A00082226D;
			remoteInfo = Example;
		};
/* End PBXContainerItemProxy section */

/* Begin PBXFileReference section */
		8425F5B22C6DE8A00082226D /* Example.app */ = {isa = PBXFileReference; explicitFileType = wrapper.application; includeInIndex = 0; path = Example.app; sourceTree = BUILT_PRODUCTS_DIR; };
		8425F5B52C6DE8A00082226D /* AppDelegate.swift */ = {isa = PBXFileReference; lastKnownFileType = sourcecode.swift; path = AppDelegate.swift; sourceTree = "<group>"; };
		8425F5B72C6DE8A00082226D /* SceneDelegate.swift */ = {isa = PBXFileReference; lastKnownFileType = sourcecode.swift; path = SceneDelegate.swift; sourceTree = "<group>"; };
		8425F5B92C6DE8A00082226D /* ViewController.swift */ = {isa = PBXFileReference; lastKnownFileType = sourcecode.swift; path = ViewController.swift; sourceTree = "<group>"; };
		8425F5BC2C6DE8A00082226D /* Base */ = {isa = PBXFileReference; lastKnownFileType = file.storyboard; name = Base; path = Base.lproj/Main.storyboard; sourceTree = "<group>"; };
		8425F5BE2C6DE8A10082226D /* Assets.xcassets */ = {isa = PBXFileReference; lastKnownFileType = folder.assetcatalog; path = Assets.xcassets; sourceTree = "<group>"; };
		8425F5C12C6DE8A10082226D /* Base */ = {isa = PBXFileReference; lastKnownFileType = file.storyboard; name = Base; path = Base.lproj/LaunchScreen.storyboard; sourceTree = "<group>"; };
		8425F5C32C6DE8A10082226D /* Info.plist */ = {isa = PBXFileReference; lastKnownFileType = text.plist.xml; path = Info.plist; sourceTree = "<group>"; };
		8425F5C82C6DE8A10082226D /* ExampleTests.xctest */ = {isa = PBXFileReference; explicitFileType = wrapper.cfbundle; includeInIndex = 0; path = ExampleTests.xctest; sourceTree = BUILT_PRODUCTS_DIR; };
		8425F5CC2C6DE8A10082226D /* ExampleTests.swift */ = {isa = PBXFileReference; lastKnownFileType = sourcecode.swift; path = ExampleTests.swift; sourceTree = "<group>"; };
		8425F5D22C6DE8A10082226D /* ExampleUITests.xctest */ = {isa = PBXFileReference; explicitFileType = wrapper.cfbundle; includeInIndex = 0; path = ExampleUITests.xctest; sourceTree = BUILT_PRODUCTS_DIR; };
		8425F5D62C6DE8A10082226D /* ExampleUITests.swift */ = {isa = PBXFileReference; lastKnownFileType = sourcecode.swift; path = ExampleUITests.swift; sourceTree = "<group>"; };
		8425F5D82C6DE8A10082226D /* ExampleUITestsLaunchTests.swift */ = {isa = PBXFileReference; lastKnownFileType = sourcecode.swift; path = ExampleUITestsLaunchTests.swift; sourceTree = "<group>"; };
/* End PBXFileReference section */

/* Begin PBXFrameworksBuildPhase section */
		8425F5AF2C6DE8A00082226D /* Frameworks */ = {
			isa = PBXFrameworksBuildPhase;
			buildActionMask = 2147483647;
			files = (
				8425F5E72C6E08BC0082226D /* CxjToasts in Frameworks */,
			);
			runOnlyForDeploymentPostprocessing = 0;
		};
		8425F5C52C6DE8A10082226D /* Frameworks */ = {
			isa = PBXFrameworksBuildPhase;
			buildActionMask = 2147483647;
			files = (
			);
			runOnlyForDeploymentPostprocessing = 0;
		};
		8425F5CF2C6DE8A10082226D /* Frameworks */ = {
			isa = PBXFrameworksBuildPhase;
			buildActionMask = 2147483647;
			files = (
			);
			runOnlyForDeploymentPostprocessing = 0;
		};
/* End PBXFrameworksBuildPhase section */

/* Begin PBXGroup section */
		8425F5A92C6DE8A00082226D = {
			isa = PBXGroup;
			children = (
				8425F5B42C6DE8A00082226D /* Example */,
				8425F5CB2C6DE8A10082226D /* ExampleTests */,
				8425F5D52C6DE8A10082226D /* ExampleUITests */,
				8425F5B32C6DE8A00082226D /* Products */,
			);
			sourceTree = "<group>";
		};
		8425F5B32C6DE8A00082226D /* Products */ = {
			isa = PBXGroup;
			children = (
				8425F5B22C6DE8A00082226D /* Example.app */,
				8425F5C82C6DE8A10082226D /* ExampleTests.xctest */,
				8425F5D22C6DE8A10082226D /* ExampleUITests.xctest */,
			);
			name = Products;
			sourceTree = "<group>";
		};
		8425F5B42C6DE8A00082226D /* Example */ = {
			isa = PBXGroup;
			children = (
				8425F5B52C6DE8A00082226D /* AppDelegate.swift */,
				8425F5B72C6DE8A00082226D /* SceneDelegate.swift */,
				8425F5B92C6DE8A00082226D /* ViewController.swift */,
				8425F5BB2C6DE8A00082226D /* Main.storyboard */,
				8425F5BE2C6DE8A10082226D /* Assets.xcassets */,
				8425F5C02C6DE8A10082226D /* LaunchScreen.storyboard */,
				8425F5C32C6DE8A10082226D /* Info.plist */,
			);
			path = Example;
			sourceTree = "<group>";
		};
		8425F5CB2C6DE8A10082226D /* ExampleTests */ = {
			isa = PBXGroup;
			children = (
				8425F5CC2C6DE8A10082226D /* ExampleTests.swift */,
			);
			path = ExampleTests;
			sourceTree = "<group>";
		};
		8425F5D52C6DE8A10082226D /* ExampleUITests */ = {
			isa = PBXGroup;
			children = (
				8425F5D62C6DE8A10082226D /* ExampleUITests.swift */,
				8425F5D82C6DE8A10082226D /* ExampleUITestsLaunchTests.swift */,
			);
			path = ExampleUITests;
			sourceTree = "<group>";
		};
/* End PBXGroup section */

/* Begin PBXNativeTarget section */
		8425F5B12C6DE8A00082226D /* Example */ = {
			isa = PBXNativeTarget;
			buildConfigurationList = 8425F5DC2C6DE8A10082226D /* Build configuration list for PBXNativeTarget "Example" */;
			buildPhases = (
				8425F5AE2C6DE8A00082226D /* Sources */,
				8425F5AF2C6DE8A00082226D /* Frameworks */,
				8425F5B02C6DE8A00082226D /* Resources */,
			);
			buildRules = (
			);
			dependencies = (
			);
			name = Example;
			packageProductDependencies = (
				8425F5E62C6E08BC0082226D /* CxjToasts */,
			);
			productName = Example;
			productReference = 8425F5B22C6DE8A00082226D /* Example.app */;
			productType = "com.apple.product-type.application";
		};
		8425F5C72C6DE8A10082226D /* ExampleTests */ = {
			isa = PBXNativeTarget;
			buildConfigurationList = 8425F5DF2C6DE8A10082226D /* Build configuration list for PBXNativeTarget "ExampleTests" */;
			buildPhases = (
				8425F5C42C6DE8A10082226D /* Sources */,
				8425F5C52C6DE8A10082226D /* Frameworks */,
				8425F5C62C6DE8A10082226D /* Resources */,
			);
			buildRules = (
			);
			dependencies = (
				8425F5CA2C6DE8A10082226D /* PBXTargetDependency */,
			);
			name = ExampleTests;
			productName = ExampleTests;
			productReference = 8425F5C82C6DE8A10082226D /* ExampleTests.xctest */;
			productType = "com.apple.product-type.bundle.unit-test";
		};
		8425F5D12C6DE8A10082226D /* ExampleUITests */ = {
			isa = PBXNativeTarget;
			buildConfigurationList = 8425F5E22C6DE8A10082226D /* Build configuration list for PBXNativeTarget "ExampleUITests" */;
			buildPhases = (
				8425F5CE2C6DE8A10082226D /* Sources */,
				8425F5CF2C6DE8A10082226D /* Frameworks */,
				8425F5D02C6DE8A10082226D /* Resources */,
			);
			buildRules = (
			);
			dependencies = (
				8425F5D42C6DE8A10082226D /* PBXTargetDependency */,
			);
			name = ExampleUITests;
			productName = ExampleUITests;
			productReference = 8425F5D22C6DE8A10082226D /* ExampleUITests.xctest */;
			productType = "com.apple.product-type.bundle.ui-testing";
		};
/* End PBXNativeTarget section */

/* Begin PBXProject section */
		8425F5AA2C6DE8A00082226D /* Project object */ = {
			isa = PBXProject;
			attributes = {
				BuildIndependentTargetsInParallel = 1;
				LastSwiftUpdateCheck = 1540;
				LastUpgradeCheck = 1540;
				TargetAttributes = {
					8425F5B12C6DE8A00082226D = {
						CreatedOnToolsVersion = 15.4;
					};
					8425F5C72C6DE8A10082226D = {
						CreatedOnToolsVersion = 15.4;
						TestTargetID = 8425F5B12C6DE8A00082226D;
					};
					8425F5D12C6DE8A10082226D = {
						CreatedOnToolsVersion = 15.4;
						TestTargetID = 8425F5B12C6DE8A00082226D;
					};
				};
			};
			buildConfigurationList = 8425F5AD2C6DE8A00082226D /* Build configuration list for PBXProject "Example" */;
			compatibilityVersion = "Xcode 14.0";
			developmentRegion = en;
			hasScannedForEncodings = 0;
			knownRegions = (
				en,
				Base,
			);
			mainGroup = 8425F5A92C6DE8A00082226D;
			packageReferences = (
				8425F5E52C6E08BC0082226D /* XCLocalSwiftPackageReference "../CxjToasts" */,
			);
			productRefGroup = 8425F5B32C6DE8A00082226D /* Products */;
			projectDirPath = "";
			projectRoot = "";
			targets = (
				8425F5B12C6DE8A00082226D /* Example */,
				8425F5C72C6DE8A10082226D /* ExampleTests */,
				8425F5D12C6DE8A10082226D /* ExampleUITests */,
			);
		};
/* End PBXProject section */

/* Begin PBXResourcesBuildPhase section */
		8425F5B02C6DE8A00082226D /* Resources */ = {
			isa = PBXResourcesBuildPhase;
			buildActionMask = 2147483647;
			files = (
				8425F5BF2C6DE8A10082226D /* Assets.xcassets in Resources */,
				8425F5C22C6DE8A10082226D /* Base in Resources */,
				8425F5BD2C6DE8A00082226D /* Base in Resources */,
			);
			runOnlyForDeploymentPostprocessing = 0;
		};
		8425F5C62C6DE8A10082226D /* Resources */ = {
			isa = PBXResourcesBuildPhase;
			buildActionMask = 2147483647;
			files = (
			);
			runOnlyForDeploymentPostprocessing = 0;
		};
		8425F5D02C6DE8A10082226D /* Resources */ = {
			isa = PBXResourcesBuildPhase;
			buildActionMask = 2147483647;
			files = (
			);
			runOnlyForDeploymentPostprocessing = 0;
		};
/* End PBXResourcesBuildPhase section */

/* Begin PBXSourcesBuildPhase section */
		8425F5AE2C6DE8A00082226D /* Sources */ = {
			isa = PBXSourcesBuildPhase;
			buildActionMask = 2147483647;
			files = (
				8425F5BA2C6DE8A00082226D /* ViewController.swift in Sources */,
				8425F5B62C6DE8A00082226D /* AppDelegate.swift in Sources */,
				8425F5B82C6DE8A00082226D /* SceneDelegate.swift in Sources */,
			);
			runOnlyForDeploymentPostprocessing = 0;
		};
		8425F5C42C6DE8A10082226D /* Sources */ = {
			isa = PBXSourcesBuildPhase;
			buildActionMask = 2147483647;
			files = (
				8425F5CD2C6DE8A10082226D /* ExampleTests.swift in Sources */,
			);
			runOnlyForDeploymentPostprocessing = 0;
		};
		8425F5CE2C6DE8A10082226D /* Sources */ = {
			isa = PBXSourcesBuildPhase;
			buildActionMask = 2147483647;
			files = (
				8425F5D72C6DE8A10082226D /* ExampleUITests.swift in Sources */,
				8425F5D92C6DE8A10082226D /* ExampleUITestsLaunchTests.swift in Sources */,
			);
			runOnlyForDeploymentPostprocessing = 0;
		};
/* End PBXSourcesBuildPhase section */

/* Begin PBXTargetDependency section */
		8425F5CA2C6DE8A10082226D /* PBXTargetDependency */ = {
			isa = PBXTargetDependency;
			target = 8425F5B12C6DE8A00082226D /* Example */;
			targetProxy = 8425F5C92C6DE8A10082226D /* PBXContainerItemProxy */;
		};
		8425F5D42C6DE8A10082226D /* PBXTargetDependency */ = {
			isa = PBXTargetDependency;
			target = 8425F5B12C6DE8A00082226D /* Example */;
			targetProxy = 8425F5D32C6DE8A10082226D /* PBXContainerItemProxy */;
		};
/* End PBXTargetDependency section */

/* Begin PBXVariantGroup section */
		8425F5BB2C6DE8A00082226D /* Main.storyboard */ = {
			isa = PBXVariantGroup;
			children = (
				8425F5BC2C6DE8A00082226D /* Base */,
			);
			name = Main.storyboard;
			sourceTree = "<group>";
		};
		8425F5C02C6DE8A10082226D /* LaunchScreen.storyboard */ = {
			isa = PBXVariantGroup;
			children = (
				8425F5C12C6DE8A10082226D /* Base */,
			);
			name = LaunchScreen.storyboard;
			sourceTree = "<group>";
		};
/* End PBXVariantGroup section */

/* Begin XCBuildConfiguration section */
		8425F5DA2C6DE8A10082226D /* Debug */ = {
			isa = XCBuildConfiguration;
			buildSettings = {
				ALWAYS_SEARCH_USER_PATHS = NO;
				ASSETCATALOG_COMPILER_GENERATE_SWIFT_ASSET_SYMBOL_EXTENSIONS = YES;
				CLANG_ANALYZER_NONNULL = YES;
				CLANG_ANALYZER_NUMBER_OBJECT_CONVERSION = YES_AGGRESSIVE;
				CLANG_CXX_LANGUAGE_STANDARD = "gnu++20";
				CLANG_ENABLE_MODULES = YES;
				CLANG_ENABLE_OBJC_ARC = YES;
				CLANG_ENABLE_OBJC_WEAK = YES;
				CLANG_WARN_BLOCK_CAPTURE_AUTORELEASING = YES;
				CLANG_WARN_BOOL_CONVERSION = YES;
				CLANG_WARN_COMMA = YES;
				CLANG_WARN_CONSTANT_CONVERSION = YES;
				CLANG_WARN_DEPRECATED_OBJC_IMPLEMENTATIONS = YES;
				CLANG_WARN_DIRECT_OBJC_ISA_USAGE = YES_ERROR;
				CLANG_WARN_DOCUMENTATION_COMMENTS = YES;
				CLANG_WARN_EMPTY_BODY = YES;
				CLANG_WARN_ENUM_CONVERSION = YES;
				CLANG_WARN_INFINITE_RECURSION = YES;
				CLANG_WARN_INT_CONVERSION = YES;
				CLANG_WARN_NON_LITERAL_NULL_CONVERSION = YES;
				CLANG_WARN_OBJC_IMPLICIT_RETAIN_SELF = YES;
				CLANG_WARN_OBJC_LITERAL_CONVERSION = YES;
				CLANG_WARN_OBJC_ROOT_CLASS = YES_ERROR;
				CLANG_WARN_QUOTED_INCLUDE_IN_FRAMEWORK_HEADER = YES;
				CLANG_WARN_RANGE_LOOP_ANALYSIS = YES;
				CLANG_WARN_STRICT_PROTOTYPES = YES;
				CLANG_WARN_SUSPICIOUS_MOVE = YES;
				CLANG_WARN_UNGUARDED_AVAILABILITY = YES_AGGRESSIVE;
				CLANG_WARN_UNREACHABLE_CODE = YES;
				CLANG_WARN__DUPLICATE_METHOD_MATCH = YES;
				COPY_PHASE_STRIP = NO;
				DEBUG_INFORMATION_FORMAT = dwarf;
				ENABLE_STRICT_OBJC_MSGSEND = YES;
				ENABLE_TESTABILITY = YES;
				ENABLE_USER_SCRIPT_SANDBOXING = YES;
				GCC_C_LANGUAGE_STANDARD = gnu17;
				GCC_DYNAMIC_NO_PIC = NO;
				GCC_NO_COMMON_BLOCKS = YES;
				GCC_OPTIMIZATION_LEVEL = 0;
				GCC_PREPROCESSOR_DEFINITIONS = (
					"DEBUG=1",
					"$(inherited)",
				);
				GCC_WARN_64_TO_32_BIT_CONVERSION = YES;
				GCC_WARN_ABOUT_RETURN_TYPE = YES_ERROR;
				GCC_WARN_UNDECLARED_SELECTOR = YES;
				GCC_WARN_UNINITIALIZED_AUTOS = YES_AGGRESSIVE;
				GCC_WARN_UNUSED_FUNCTION = YES;
				GCC_WARN_UNUSED_VARIABLE = YES;
				IPHONEOS_DEPLOYMENT_TARGET = 16.0;
				LOCALIZATION_PREFERS_STRING_CATALOGS = YES;
				MTL_ENABLE_DEBUG_INFO = INCLUDE_SOURCE;
				MTL_FAST_MATH = YES;
				ONLY_ACTIVE_ARCH = YES;
				SDKROOT = iphoneos;
				SWIFT_ACTIVE_COMPILATION_CONDITIONS = "DEBUG $(inherited)";
				SWIFT_OPTIMIZATION_LEVEL = "-Onone";
			};
			name = Debug;
		};
		8425F5DB2C6DE8A10082226D /* Release */ = {
			isa = XCBuildConfiguration;
			buildSettings = {
				ALWAYS_SEARCH_USER_PATHS = NO;
				ASSETCATALOG_COMPILER_GENERATE_SWIFT_ASSET_SYMBOL_EXTENSIONS = YES;
				CLANG_ANALYZER_NONNULL = YES;
				CLANG_ANALYZER_NUMBER_OBJECT_CONVERSION = YES_AGGRESSIVE;
				CLANG_CXX_LANGUAGE_STANDARD = "gnu++20";
				CLANG_ENABLE_MODULES = YES;
				CLANG_ENABLE_OBJC_ARC = YES;
				CLANG_ENABLE_OBJC_WEAK = YES;
				CLANG_WARN_BLOCK_CAPTURE_AUTORELEASING = YES;
				CLANG_WARN_BOOL_CONVERSION = YES;
				CLANG_WARN_COMMA = YES;
				CLANG_WARN_CONSTANT_CONVERSION = YES;
				CLANG_WARN_DEPRECATED_OBJC_IMPLEMENTATIONS = YES;
				CLANG_WARN_DIRECT_OBJC_ISA_USAGE = YES_ERROR;
				CLANG_WARN_DOCUMENTATION_COMMENTS = YES;
				CLANG_WARN_EMPTY_BODY = YES;
				CLANG_WARN_ENUM_CONVERSION = YES;
				CLANG_WARN_INFINITE_RECURSION = YES;
				CLANG_WARN_INT_CONVERSION = YES;
				CLANG_WARN_NON_LITERAL_NULL_CONVERSION = YES;
				CLANG_WARN_OBJC_IMPLICIT_RETAIN_SELF = YES;
				CLANG_WARN_OBJC_LITERAL_CONVERSION = YES;
				CLANG_WARN_OBJC_ROOT_CLASS = YES_ERROR;
				CLANG_WARN_QUOTED_INCLUDE_IN_FRAMEWORK_HEADER = YES;
				CLANG_WARN_RANGE_LOOP_ANALYSIS = YES;
				CLANG_WARN_STRICT_PROTOTYPES = YES;
				CLANG_WARN_SUSPICIOUS_MOVE = YES;
				CLANG_WARN_UNGUARDED_AVAILABILITY = YES_AGGRESSIVE;
				CLANG_WARN_UNREACHABLE_CODE = YES;
				CLANG_WARN__DUPLICATE_METHOD_MATCH = YES;
				COPY_PHASE_STRIP = NO;
				DEBUG_INFORMATION_FORMAT = "dwarf-with-dsym";
				ENABLE_NS_ASSERTIONS = NO;
				ENABLE_STRICT_OBJC_MSGSEND = YES;
				ENABLE_USER_SCRIPT_SANDBOXING = YES;
				GCC_C_LANGUAGE_STANDARD = gnu17;
				GCC_NO_COMMON_BLOCKS = YES;
				GCC_WARN_64_TO_32_BIT_CONVERSION = YES;
				GCC_WARN_ABOUT_RETURN_TYPE = YES_ERROR;
				GCC_WARN_UNDECLARED_SELECTOR = YES;
				GCC_WARN_UNINITIALIZED_AUTOS = YES_AGGRESSIVE;
				GCC_WARN_UNUSED_FUNCTION = YES;
				GCC_WARN_UNUSED_VARIABLE = YES;
				IPHONEOS_DEPLOYMENT_TARGET = 16.0;
				LOCALIZATION_PREFERS_STRING_CATALOGS = YES;
				MTL_ENABLE_DEBUG_INFO = NO;
				MTL_FAST_MATH = YES;
				SDKROOT = iphoneos;
				SWIFT_COMPILATION_MODE = wholemodule;
				VALIDATE_PRODUCT = YES;
			};
			name = Release;
		};
		8425F5DD2C6DE8A10082226D /* Debug */ = {
			isa = XCBuildConfiguration;
			buildSettings = {
				ASSETCATALOG_COMPILER_APPICON_NAME = AppIcon;
				ASSETCATALOG_COMPILER_GLOBAL_ACCENT_COLOR_NAME = AccentColor;
				CODE_SIGN_STYLE = Automatic;
				CURRENT_PROJECT_VERSION = 1;
				DEVELOPMENT_TEAM = YK2X3DL675;
				GENERATE_INFOPLIST_FILE = YES;
				INFOPLIST_FILE = Example/Info.plist;
				INFOPLIST_KEY_UIApplicationSupportsIndirectInputEvents = YES;
				INFOPLIST_KEY_UILaunchStoryboardName = LaunchScreen;
				INFOPLIST_KEY_UIMainStoryboardFile = Main;
				INFOPLIST_KEY_UISupportedInterfaceOrientations_iPad = "UIInterfaceOrientationPortrait UIInterfaceOrientationPortraitUpsideDown UIInterfaceOrientationLandscapeLeft UIInterfaceOrientationLandscapeRight";
				INFOPLIST_KEY_UISupportedInterfaceOrientations_iPhone = "UIInterfaceOrientationPortrait UIInterfaceOrientationLandscapeLeft UIInterfaceOrientationLandscapeRight";
				LD_RUNPATH_SEARCH_PATHS = (
					"$(inherited)",
					"@executable_path/Frameworks",
				);
				MARKETING_VERSION = 1.0;
				PRODUCT_BUNDLE_IDENTIFIER = com.coxijcake.CxjToasts.Example;
				PRODUCT_NAME = "$(TARGET_NAME)";
				SWIFT_EMIT_LOC_STRINGS = YES;
				SWIFT_VERSION = 5.0;
				TARGETED_DEVICE_FAMILY = "1,2";
			};
			name = Debug;
		};
		8425F5DE2C6DE8A10082226D /* Release */ = {
			isa = XCBuildConfiguration;
			buildSettings = {
				ASSETCATALOG_COMPILER_APPICON_NAME = AppIcon;
				ASSETCATALOG_COMPILER_GLOBAL_ACCENT_COLOR_NAME = AccentColor;
				CODE_SIGN_STYLE = Automatic;
				CURRENT_PROJECT_VERSION = 1;
				DEVELOPMENT_TEAM = YK2X3DL675;
				GENERATE_INFOPLIST_FILE = YES;
				INFOPLIST_FILE = Example/Info.plist;
				INFOPLIST_KEY_UIApplicationSupportsIndirectInputEvents = YES;
				INFOPLIST_KEY_UILaunchStoryboardName = LaunchScreen;
				INFOPLIST_KEY_UIMainStoryboardFile = Main;
				INFOPLIST_KEY_UISupportedInterfaceOrientations_iPad = "UIInterfaceOrientationPortrait UIInterfaceOrientationPortraitUpsideDown UIInterfaceOrientationLandscapeLeft UIInterfaceOrientationLandscapeRight";
				INFOPLIST_KEY_UISupportedInterfaceOrientations_iPhone = "UIInterfaceOrientationPortrait UIInterfaceOrientationLandscapeLeft UIInterfaceOrientationLandscapeRight";
				LD_RUNPATH_SEARCH_PATHS = (
					"$(inherited)",
					"@executable_path/Frameworks",
				);
				MARKETING_VERSION = 1.0;
				PRODUCT_BUNDLE_IDENTIFIER = com.coxijcake.CxjToasts.Example;
				PRODUCT_NAME = "$(TARGET_NAME)";
				SWIFT_EMIT_LOC_STRINGS = YES;
				SWIFT_VERSION = 5.0;
				TARGETED_DEVICE_FAMILY = "1,2";
			};
			name = Release;
		};
		8425F5E02C6DE8A10082226D /* Debug */ = {
			isa = XCBuildConfiguration;
			buildSettings = {
				ALWAYS_EMBED_SWIFT_STANDARD_LIBRARIES = YES;
				BUNDLE_LOADER = "$(TEST_HOST)";
				CODE_SIGN_STYLE = Automatic;
				CURRENT_PROJECT_VERSION = 1;
				DEVELOPMENT_TEAM = YK2X3DL675;
				GENERATE_INFOPLIST_FILE = YES;
				IPHONEOS_DEPLOYMENT_TARGET = 17.5;
				MARKETING_VERSION = 1.0;
				PRODUCT_BUNDLE_IDENTIFIER = com.coxijcake.CxjToasts.ExampleTests;
				PRODUCT_NAME = "$(TARGET_NAME)";
				SWIFT_EMIT_LOC_STRINGS = NO;
				SWIFT_VERSION = 5.0;
				TARGETED_DEVICE_FAMILY = "1,2";
				TEST_HOST = "$(BUILT_PRODUCTS_DIR)/Example.app/$(BUNDLE_EXECUTABLE_FOLDER_PATH)/Example";
			};
			name = Debug;
		};
		8425F5E12C6DE8A10082226D /* Release */ = {
			isa = XCBuildConfiguration;
			buildSettings = {
				ALWAYS_EMBED_SWIFT_STANDARD_LIBRARIES = YES;
				BUNDLE_LOADER = "$(TEST_HOST)";
				CODE_SIGN_STYLE = Automatic;
				CURRENT_PROJECT_VERSION = 1;
				DEVELOPMENT_TEAM = YK2X3DL675;
				GENERATE_INFOPLIST_FILE = YES;
				IPHONEOS_DEPLOYMENT_TARGET = 17.5;
				MARKETING_VERSION = 1.0;
				PRODUCT_BUNDLE_IDENTIFIER = com.coxijcake.CxjToasts.ExampleTests;
				PRODUCT_NAME = "$(TARGET_NAME)";
				SWIFT_EMIT_LOC_STRINGS = NO;
				SWIFT_VERSION = 5.0;
				TARGETED_DEVICE_FAMILY = "1,2";
				TEST_HOST = "$(BUILT_PRODUCTS_DIR)/Example.app/$(BUNDLE_EXECUTABLE_FOLDER_PATH)/Example";
			};
			name = Release;
		};
		8425F5E32C6DE8A10082226D /* Debug */ = {
			isa = XCBuildConfiguration;
			buildSettings = {
				ALWAYS_EMBED_SWIFT_STANDARD_LIBRARIES = YES;
				CODE_SIGN_STYLE = Automatic;
				CURRENT_PROJECT_VERSION = 1;
				DEVELOPMENT_TEAM = YK2X3DL675;
				GENERATE_INFOPLIST_FILE = YES;
				MARKETING_VERSION = 1.0;
				PRODUCT_BUNDLE_IDENTIFIER = com.coxijcake.CxjToasts.ExampleUITests;
				PRODUCT_NAME = "$(TARGET_NAME)";
				SWIFT_EMIT_LOC_STRINGS = NO;
				SWIFT_VERSION = 5.0;
				TARGETED_DEVICE_FAMILY = "1,2";
				TEST_TARGET_NAME = Example;
			};
			name = Debug;
		};
		8425F5E42C6DE8A10082226D /* Release */ = {
			isa = XCBuildConfiguration;
			buildSettings = {
				ALWAYS_EMBED_SWIFT_STANDARD_LIBRARIES = YES;
				CODE_SIGN_STYLE = Automatic;
				CURRENT_PROJECT_VERSION = 1;
				DEVELOPMENT_TEAM = YK2X3DL675;
				GENERATE_INFOPLIST_FILE = YES;
				MARKETING_VERSION = 1.0;
				PRODUCT_BUNDLE_IDENTIFIER = com.coxijcake.CxjToasts.ExampleUITests;
				PRODUCT_NAME = "$(TARGET_NAME)";
				SWIFT_EMIT_LOC_STRINGS = NO;
				SWIFT_VERSION = 5.0;
				TARGETED_DEVICE_FAMILY = "1,2";
				TEST_TARGET_NAME = Example;
			};
			name = Release;
		};
/* End XCBuildConfiguration section */

/* Begin XCConfigurationList section */
		8425F5AD2C6DE8A00082226D /* Build configuration list for PBXProject "Example" */ = {
			isa = XCConfigurationList;
			buildConfigurations = (
				8425F5DA2C6DE8A10082226D /* Debug */,
				8425F5DB2C6DE8A10082226D /* Release */,
			);
			defaultConfigurationIsVisible = 0;
			defaultConfigurationName = Release;
		};
		8425F5DC2C6DE8A10082226D /* Build configuration list for PBXNativeTarget "Example" */ = {
			isa = XCConfigurationList;
			buildConfigurations = (
				8425F5DD2C6DE8A10082226D /* Debug */,
				8425F5DE2C6DE8A10082226D /* Release */,
			);
			defaultConfigurationIsVisible = 0;
			defaultConfigurationName = Release;
		};
		8425F5DF2C6DE8A10082226D /* Build configuration list for PBXNativeTarget "ExampleTests" */ = {
			isa = XCConfigurationList;
			buildConfigurations = (
				8425F5E02C6DE8A10082226D /* Debug */,
				8425F5E12C6DE8A10082226D /* Release */,
			);
			defaultConfigurationIsVisible = 0;
			defaultConfigurationName = Release;
		};
		8425F5E22C6DE8A10082226D /* Build configuration list for PBXNativeTarget "ExampleUITests" */ = {
			isa = XCConfigurationList;
			buildConfigurations = (
				8425F5E32C6DE8A10082226D /* Debug */,
				8425F5E42C6DE8A10082226D /* Release */,
			);
			defaultConfigurationIsVisible = 0;
			defaultConfigurationName = Release;
		};
/* End XCConfigurationList section */

/* Begin XCLocalSwiftPackageReference section */
		8425F5E52C6E08BC0082226D /* XCLocalSwiftPackageReference "../CxjToasts" */ = {
			isa = XCLocalSwiftPackageReference;
			relativePath = ../CxjToasts;
		};
/* End XCLocalSwiftPackageReference section */

/* Begin XCSwiftPackageProductDependency section */
		8425F5E62C6E08BC0082226D /* CxjToasts */ = {
			isa = XCSwiftPackageProductDependency;
			productName = CxjToasts;
		};
/* End XCSwiftPackageProductDependency section */
	};
	rootObject = 8425F5AA2C6DE8A00082226D /* Project object */;
}
